// !$*UTF8*$!
{
	archiveVersion = 1;
	classes = {
	};
	objectVersion = 46;
	objects = {

/* Begin PBXBuildFile section */
		B860FC591CCB37B50031F79A /* AppDelegate.swift in Sources */ = {isa = PBXBuildFile; fileRef = B860FC581CCB37B50031F79A /* AppDelegate.swift */; };
		B860FC5B1CCB37B50031F79A /* ViewController.swift in Sources */ = {isa = PBXBuildFile; fileRef = B860FC5A1CCB37B50031F79A /* ViewController.swift */; };
		B860FC5E1CCB37B50031F79A /* Main.storyboard in Resources */ = {isa = PBXBuildFile; fileRef = B860FC5C1CCB37B50031F79A /* Main.storyboard */; };
		B860FC601CCB37B50031F79A /* Assets.xcassets in Resources */ = {isa = PBXBuildFile; fileRef = B860FC5F1CCB37B50031F79A /* Assets.xcassets */; };
		B860FC631CCB37B50031F79A /* LaunchScreen.storyboard in Resources */ = {isa = PBXBuildFile; fileRef = B860FC611CCB37B50031F79A /* LaunchScreen.storyboard */; };
		B860FC6C1CCB3D7C0031F79A /* Gestures.png in Resources */ = {isa = PBXBuildFile; fileRef = B860FC6A1CCB3D7C0031F79A /* Gestures.png */; };
		B860FC6D1CCB3D7C0031F79A /* Players.png in Resources */ = {isa = PBXBuildFile; fileRef = B860FC6B1CCB3D7C0031F79A /* Players.png */; };
		B860FC711CCB3EDF0031F79A /* PlayersViewController.swift in Sources */ = {isa = PBXBuildFile; fileRef = B860FC701CCB3EDF0031F79A /* PlayersViewController.swift */; };
		B860FC731CCB3F4F0031F79A /* Player.swift in Sources */ = {isa = PBXBuildFile; fileRef = B860FC721CCB3F4F0031F79A /* Player.swift */; };
		B860FC751CCB3F8D0031F79A /* SampleData.swift in Sources */ = {isa = PBXBuildFile; fileRef = B860FC741CCB3F8D0031F79A /* SampleData.swift */; };
		B860FC851CCB446F0031F79A /* 1Stars.png in Resources */ = {isa = PBXBuildFile; fileRef = B860FC761CCB446F0031F79A /* 1Stars.png */; };
		B860FC861CCB446F0031F79A /* 1Stars@2x.png in Resources */ = {isa = PBXBuildFile; fileRef = B860FC771CCB446F0031F79A /* 1Stars@2x.png */; };
		B860FC871CCB446F0031F79A /* 1Stars@3x.png in Resources */ = {isa = PBXBuildFile; fileRef = B860FC781CCB446F0031F79A /* 1Stars@3x.png */; };
		B860FC881CCB446F0031F79A /* 2Stars.png in Resources */ = {isa = PBXBuildFile; fileRef = B860FC791CCB446F0031F79A /* 2Stars.png */; };
		B860FC891CCB446F0031F79A /* 2Stars@2x.png in Resources */ = {isa = PBXBuildFile; fileRef = B860FC7A1CCB446F0031F79A /* 2Stars@2x.png */; };
		B860FC8A1CCB446F0031F79A /* 2Stars@3x.png in Resources */ = {isa = PBXBuildFile; fileRef = B860FC7B1CCB446F0031F79A /* 2Stars@3x.png */; };
		B860FC8B1CCB446F0031F79A /* 3Stars.png in Resources */ = {isa = PBXBuildFile; fileRef = B860FC7C1CCB446F0031F79A /* 3Stars.png */; };
		B860FC8C1CCB446F0031F79A /* 3Stars@2x.png in Resources */ = {isa = PBXBuildFile; fileRef = B860FC7D1CCB446F0031F79A /* 3Stars@2x.png */; };
		B860FC8D1CCB446F0031F79A /* 3Stars@3x.png in Resources */ = {isa = PBXBuildFile; fileRef = B860FC7E1CCB446F0031F79A /* 3Stars@3x.png */; };
		B860FC8E1CCB446F0031F79A /* 4Stars.png in Resources */ = {isa = PBXBuildFile; fileRef = B860FC7F1CCB446F0031F79A /* 4Stars.png */; };
		B860FC8F1CCB446F0031F79A /* 4Stars@2x.png in Resources */ = {isa = PBXBuildFile; fileRef = B860FC801CCB446F0031F79A /* 4Stars@2x.png */; };
		B860FC901CCB446F0031F79A /* 4Stars@3x.png in Resources */ = {isa = PBXBuildFile; fileRef = B860FC811CCB446F0031F79A /* 4Stars@3x.png */; };
		B860FC911CCB446F0031F79A /* 5Stars.png in Resources */ = {isa = PBXBuildFile; fileRef = B860FC821CCB446F0031F79A /* 5Stars.png */; };
		B860FC921CCB446F0031F79A /* 5Stars@2x.png in Resources */ = {isa = PBXBuildFile; fileRef = B860FC831CCB446F0031F79A /* 5Stars@2x.png */; };
		B860FC931CCB446F0031F79A /* 5Stars@3x.png in Resources */ = {isa = PBXBuildFile; fileRef = B860FC841CCB446F0031F79A /* 5Stars@3x.png */; };
		B860FC971CE04FD90031F79A /* PlayerDetailsViewController.swift in Sources */ = {isa = PBXBuildFile; fileRef = B860FC961CE04FD90031F79A /* PlayerDetailsViewController.swift */; };
		B860FC991CE05D270031F79A /* GamePickerViewController.swift in Sources */ = {isa = PBXBuildFile; fileRef = B860FC981CE05D270031F79A /* GamePickerViewController.swift */; };
/* End PBXBuildFile section */

/* Begin PBXFileReference section */
		B860FC551CCB37B50031F79A /* Lab2.app */ = {isa = PBXFileReference; explicitFileType = wrapper.application; includeInIndex = 0; path = Lab2.app; sourceTree = BUILT_PRODUCTS_DIR; };
		B860FC581CCB37B50031F79A /* AppDelegate.swift */ = {isa = PBXFileReference; lastKnownFileType = sourcecode.swift; path = AppDelegate.swift; sourceTree = "<group>"; };
		B860FC5A1CCB37B50031F79A /* ViewController.swift */ = {isa = PBXFileReference; lastKnownFileType = sourcecode.swift; path = ViewController.swift; sourceTree = "<group>"; };
		B860FC5D1CCB37B50031F79A /* Base */ = {isa = PBXFileReference; lastKnownFileType = file.storyboard; name = Base; path = Base.lproj/Main.storyboard; sourceTree = "<group>"; };
		B860FC5F1CCB37B50031F79A /* Assets.xcassets */ = {isa = PBXFileReference; lastKnownFileType = folder.assetcatalog; path = Assets.xcassets; sourceTree = "<group>"; };
		B860FC621CCB37B50031F79A /* Base */ = {isa = PBXFileReference; lastKnownFileType = file.storyboard; name = Base; path = Base.lproj/LaunchScreen.storyboard; sourceTree = "<group>"; };
		B860FC641CCB37B50031F79A /* Info.plist */ = {isa = PBXFileReference; lastKnownFileType = text.plist.xml; path = Info.plist; sourceTree = "<group>"; };
		B860FC6A1CCB3D7C0031F79A /* Gestures.png */ = {isa = PBXFileReference; lastKnownFileType = image.png; name = Gestures.png; path = Assets.xcassets/Images/Gestures.png; sourceTree = "<group>"; };
		B860FC6B1CCB3D7C0031F79A /* Players.png */ = {isa = PBXFileReference; lastKnownFileType = image.png; name = Players.png; path = Assets.xcassets/Images/Players.png; sourceTree = "<group>"; };
		B860FC701CCB3EDF0031F79A /* PlayersViewController.swift */ = {isa = PBXFileReference; fileEncoding = 4; lastKnownFileType = sourcecode.swift; path = PlayersViewController.swift; sourceTree = "<group>"; };
		B860FC721CCB3F4F0031F79A /* Player.swift */ = {isa = PBXFileReference; fileEncoding = 4; lastKnownFileType = sourcecode.swift; path = Player.swift; sourceTree = "<group>"; };
		B860FC741CCB3F8D0031F79A /* SampleData.swift */ = {isa = PBXFileReference; fileEncoding = 4; lastKnownFileType = sourcecode.swift; path = SampleData.swift; sourceTree = "<group>"; };
		B860FC761CCB446F0031F79A /* 1Stars.png */ = {isa = PBXFileReference; lastKnownFileType = image.png; name = 1Stars.png; path = Assets.xcassets/Images/1Stars.png; sourceTree = "<group>"; };
		B860FC771CCB446F0031F79A /* 1Stars@2x.png */ = {isa = PBXFileReference; lastKnownFileType = image.png; name = "1Stars@2x.png"; path = "Assets.xcassets/Images/1Stars@2x.png"; sourceTree = "<group>"; };
		B860FC781CCB446F0031F79A /* 1Stars@3x.png */ = {isa = PBXFileReference; lastKnownFileType = image.png; name = "1Stars@3x.png"; path = "Assets.xcassets/Images/1Stars@3x.png"; sourceTree = "<group>"; };
		B860FC791CCB446F0031F79A /* 2Stars.png */ = {isa = PBXFileReference; lastKnownFileType = image.png; name = 2Stars.png; path = Assets.xcassets/Images/2Stars.png; sourceTree = "<group>"; };
		B860FC7A1CCB446F0031F79A /* 2Stars@2x.png */ = {isa = PBXFileReference; lastKnownFileType = image.png; name = "2Stars@2x.png"; path = "Assets.xcassets/Images/2Stars@2x.png"; sourceTree = "<group>"; };
		B860FC7B1CCB446F0031F79A /* 2Stars@3x.png */ = {isa = PBXFileReference; lastKnownFileType = image.png; name = "2Stars@3x.png"; path = "Assets.xcassets/Images/2Stars@3x.png"; sourceTree = "<group>"; };
		B860FC7C1CCB446F0031F79A /* 3Stars.png */ = {isa = PBXFileReference; lastKnownFileType = image.png; name = 3Stars.png; path = Assets.xcassets/Images/3Stars.png; sourceTree = "<group>"; };
		B860FC7D1CCB446F0031F79A /* 3Stars@2x.png */ = {isa = PBXFileReference; lastKnownFileType = image.png; name = "3Stars@2x.png"; path = "Assets.xcassets/Images/3Stars@2x.png"; sourceTree = "<group>"; };
		B860FC7E1CCB446F0031F79A /* 3Stars@3x.png */ = {isa = PBXFileReference; lastKnownFileType = image.png; name = "3Stars@3x.png"; path = "Assets.xcassets/Images/3Stars@3x.png"; sourceTree = "<group>"; };
		B860FC7F1CCB446F0031F79A /* 4Stars.png */ = {isa = PBXFileReference; lastKnownFileType = image.png; name = 4Stars.png; path = Assets.xcassets/Images/4Stars.png; sourceTree = "<group>"; };
		B860FC801CCB446F0031F79A /* 4Stars@2x.png */ = {isa = PBXFileReference; lastKnownFileType = image.png; name = "4Stars@2x.png"; path = "Assets.xcassets/Images/4Stars@2x.png"; sourceTree = "<group>"; };
		B860FC811CCB446F0031F79A /* 4Stars@3x.png */ = {isa = PBXFileReference; lastKnownFileType = image.png; name = "4Stars@3x.png"; path = "Assets.xcassets/Images/4Stars@3x.png"; sourceTree = "<group>"; };
		B860FC821CCB446F0031F79A /* 5Stars.png */ = {isa = PBXFileReference; lastKnownFileType = image.png; name = 5Stars.png; path = Assets.xcassets/Images/5Stars.png; sourceTree = "<group>"; };
		B860FC831CCB446F0031F79A /* 5Stars@2x.png */ = {isa = PBXFileReference; lastKnownFileType = image.png; name = "5Stars@2x.png"; path = "Assets.xcassets/Images/5Stars@2x.png"; sourceTree = "<group>"; };
		B860FC841CCB446F0031F79A /* 5Stars@3x.png */ = {isa = PBXFileReference; lastKnownFileType = image.png; name = "5Stars@3x.png"; path = "Assets.xcassets/Images/5Stars@3x.png"; sourceTree = "<group>"; };
		B860FC961CE04FD90031F79A /* PlayerDetailsViewController.swift */ = {isa = PBXFileReference; fileEncoding = 4; lastKnownFileType = sourcecode.swift; path = PlayerDetailsViewController.swift; sourceTree = "<group>"; };
		B860FC981CE05D270031F79A /* GamePickerViewController.swift */ = {isa = PBXFileReference; fileEncoding = 4; lastKnownFileType = sourcecode.swift; path = GamePickerViewController.swift; sourceTree = "<group>"; };
/* End PBXFileReference section */

/* Begin PBXFrameworksBuildPhase section */
		B860FC521CCB37B50031F79A /* Frameworks */ = {
			isa = PBXFrameworksBuildPhase;
			buildActionMask = 2147483647;
			files = (
			);
			runOnlyForDeploymentPostprocessing = 0;
		};
/* End PBXFrameworksBuildPhase section */

/* Begin PBXGroup section */
		B860FC4C1CCB37B50031F79A = {
			isa = PBXGroup;
			children = (
				B860FC571CCB37B50031F79A /* Lab2 */,
				B860FC561CCB37B50031F79A /* Products */,
			);
			sourceTree = "<group>";
		};
		B860FC561CCB37B50031F79A /* Products */ = {
			isa = PBXGroup;
			children = (
				B860FC551CCB37B50031F79A /* Lab2.app */,
			);
			name = Products;
			sourceTree = "<group>";
		};
		B860FC571CCB37B50031F79A /* Lab2 */ = {
			isa = PBXGroup;
			children = (
				B860FC581CCB37B50031F79A /* AppDelegate.swift */,
				B860FC5A1CCB37B50031F79A /* ViewController.swift */,
				B860FC701CCB3EDF0031F79A /* PlayersViewController.swift */,
				B860FC5C1CCB37B50031F79A /* Main.storyboard */,
				B860FC981CE05D270031F79A /* GamePickerViewController.swift */,
				B860FC721CCB3F4F0031F79A /* Player.swift */,
				B860FC741CCB3F8D0031F79A /* SampleData.swift */,
				B860FC811CCB446F0031F79A /* 4Stars@3x.png */,
				B860FC821CCB446F0031F79A /* 5Stars.png */,
				B860FC5F1CCB37B50031F79A /* Assets.xcassets */,
				B860FC761CCB446F0031F79A /* 1Stars.png */,
				B860FC771CCB446F0031F79A /* 1Stars@2x.png */,
				B860FC781CCB446F0031F79A /* 1Stars@3x.png */,
				B860FC791CCB446F0031F79A /* 2Stars.png */,
				B860FC7A1CCB446F0031F79A /* 2Stars@2x.png */,
				B860FC7B1CCB446F0031F79A /* 2Stars@3x.png */,
				B860FC7C1CCB446F0031F79A /* 3Stars.png */,
				B860FC7D1CCB446F0031F79A /* 3Stars@2x.png */,
				B860FC7E1CCB446F0031F79A /* 3Stars@3x.png */,
				B860FC7F1CCB446F0031F79A /* 4Stars.png */,
				B860FC801CCB446F0031F79A /* 4Stars@2x.png */,
				B860FC831CCB446F0031F79A /* 5Stars@2x.png */,
				B860FC841CCB446F0031F79A /* 5Stars@3x.png */,
				B860FC6A1CCB3D7C0031F79A /* Gestures.png */,
				B860FC6B1CCB3D7C0031F79A /* Players.png */,
				B860FC611CCB37B50031F79A /* LaunchScreen.storyboard */,
				B860FC641CCB37B50031F79A /* Info.plist */,
				B860FC961CE04FD90031F79A /* PlayerDetailsViewController.swift */,
			);
			name = Lab2;
			path = Lab1;
			sourceTree = "<group>";
		};
/* End PBXGroup section */

/* Begin PBXNativeTarget section */
		B860FC541CCB37B50031F79A /* Lab2 */ = {
			isa = PBXNativeTarget;
			buildConfigurationList = B860FC671CCB37B50031F79A /* Build configuration list for PBXNativeTarget "Lab2" */;
			buildPhases = (
				B860FC511CCB37B50031F79A /* Sources */,
				B860FC521CCB37B50031F79A /* Frameworks */,
				B860FC531CCB37B50031F79A /* Resources */,
			);
			buildRules = (
			);
			dependencies = (
			);
			name = Lab2;
			productName = Lab1;
			productReference = B860FC551CCB37B50031F79A /* Lab2.app */;
			productType = "com.apple.product-type.application";
		};
/* End PBXNativeTarget section */

/* Begin PBXProject section */
		B860FC4D1CCB37B50031F79A /* Project object */ = {
			isa = PBXProject;
			attributes = {
				LastSwiftUpdateCheck = 0730;
				LastUpgradeCheck = 0730;
				ORGANIZATIONNAME = "Allan Martinez";
				TargetAttributes = {
					B860FC541CCB37B50031F79A = {
						CreatedOnToolsVersion = 7.3;
					};
				};
			};
			buildConfigurationList = B860FC501CCB37B50031F79A /* Build configuration list for PBXProject "Lab1" */;
			compatibilityVersion = "Xcode 3.2";
			developmentRegion = English;
			hasScannedForEncodings = 0;
			knownRegions = (
				en,
				Base,
			);
			mainGroup = B860FC4C1CCB37B50031F79A;
			productRefGroup = B860FC561CCB37B50031F79A /* Products */;
			projectDirPath = "";
			projectRoot = "";
			targets = (
				B860FC541CCB37B50031F79A /* Lab2 */,
			);
		};
/* End PBXProject section */

/* Begin PBXResourcesBuildPhase section */
		B860FC531CCB37B50031F79A /* Resources */ = {
			isa = PBXResourcesBuildPhase;
			buildActionMask = 2147483647;
			files = (
				B860FC8E1CCB446F0031F79A /* 4Stars.png in Resources */,
				B860FC8A1CCB446F0031F79A /* 2Stars@3x.png in Resources */,
				B860FC631CCB37B50031F79A /* LaunchScreen.storyboard in Resources */,
				B860FC921CCB446F0031F79A /* 5Stars@2x.png in Resources */,
				B860FC901CCB446F0031F79A /* 4Stars@3x.png in Resources */,
				B860FC931CCB446F0031F79A /* 5Stars@3x.png in Resources */,
				B860FC891CCB446F0031F79A /* 2Stars@2x.png in Resources */,
				B860FC881CCB446F0031F79A /* 2Stars.png in Resources */,
				B860FC871CCB446F0031F79A /* 1Stars@3x.png in Resources */,
				B860FC8D1CCB446F0031F79A /* 3Stars@3x.png in Resources */,
				B860FC8B1CCB446F0031F79A /* 3Stars.png in Resources */,
				B860FC6C1CCB3D7C0031F79A /* Gestures.png in Resources */,
				B860FC601CCB37B50031F79A /* Assets.xcassets in Resources */,
				B860FC851CCB446F0031F79A /* 1Stars.png in Resources */,
				B860FC8F1CCB446F0031F79A /* 4Stars@2x.png in Resources */,
				B860FC8C1CCB446F0031F79A /* 3Stars@2x.png in Resources */,
				B860FC861CCB446F0031F79A /* 1Stars@2x.png in Resources */,
				B860FC911CCB446F0031F79A /* 5Stars.png in Resources */,
				B860FC6D1CCB3D7C0031F79A /* Players.png in Resources */,
				B860FC5E1CCB37B50031F79A /* Main.storyboard in Resources */,
			);
			runOnlyForDeploymentPostprocessing = 0;
		};
/* End PBXResourcesBuildPhase section */

/* Begin PBXSourcesBuildPhase section */
		B860FC511CCB37B50031F79A /* Sources */ = {
			isa = PBXSourcesBuildPhase;
			buildActionMask = 2147483647;
			files = (
				B860FC731CCB3F4F0031F79A /* Player.swift in Sources */,
				B860FC5B1CCB37B50031F79A /* ViewController.swift in Sources */,
				B860FC991CE05D270031F79A /* GamePickerViewController.swift in Sources */,
				B860FC971CE04FD90031F79A /* PlayerDetailsViewController.swift in Sources */,
				B860FC591CCB37B50031F79A /* AppDelegate.swift in Sources */,
				B860FC751CCB3F8D0031F79A /* SampleData.swift in Sources */,
				B860FC711CCB3EDF0031F79A /* PlayersViewController.swift in Sources */,
			);
			runOnlyForDeploymentPostprocessing = 0;
		};
/* End PBXSourcesBuildPhase section */

/* Begin PBXVariantGroup section */
		B860FC5C1CCB37B50031F79A /* Main.storyboard */ = {
			isa = PBXVariantGroup;
			children = (
				B860FC5D1CCB37B50031F79A /* Base */,
			);
			name = Main.storyboard;
			sourceTree = "<group>";
		};
		B860FC611CCB37B50031F79A /* LaunchScreen.storyboard */ = {
			isa = PBXVariantGroup;
			children = (
				B860FC621CCB37B50031F79A /* Base */,
			);
			name = LaunchScreen.storyboard;
			sourceTree = "<group>";
		};
/* End PBXVariantGroup section */

/* Begin XCBuildConfiguration section */
		B860FC651CCB37B50031F79A /* Debug */ = {
			isa = XCBuildConfiguration;
			buildSettings = {
				ALWAYS_SEARCH_USER_PATHS = NO;
				CLANG_ANALYZER_NONNULL = YES;
				CLANG_CXX_LANGUAGE_STANDARD = "gnu++0x";
				CLANG_CXX_LIBRARY = "libc++";
				CLANG_ENABLE_MODULES = YES;
				CLANG_ENABLE_OBJC_ARC = YES;
				CLANG_WARN_BOOL_CONVERSION = YES;
				CLANG_WARN_CONSTANT_CONVERSION = YES;
				CLANG_WARN_DIRECT_OBJC_ISA_USAGE = YES_ERROR;
				CLANG_WARN_EMPTY_BODY = YES;
				CLANG_WARN_ENUM_CONVERSION = YES;
				CLANG_WARN_INT_CONVERSION = YES;
				CLANG_WARN_OBJC_ROOT_CLASS = YES_ERROR;
				CLANG_WARN_UNREACHABLE_CODE = YES;
				CLANG_WARN__DUPLICATE_METHOD_MATCH = YES;
				"CODE_SIGN_IDENTITY[sdk=iphoneos*]" = "iPhone Developer";
				COPY_PHASE_STRIP = NO;
				DEBUG_INFORMATION_FORMAT = dwarf;
				ENABLE_STRICT_OBJC_MSGSEND = YES;
				ENABLE_TESTABILITY = YES;
				GCC_C_LANGUAGE_STANDARD = gnu99;
				GCC_DYNAMIC_NO_PIC = NO;
				GCC_NO_COMMON_BLOCKS = YES;
				GCC_OPTIMIZATION_LEVEL = 0;
				GCC_PREPROCESSOR_DEFINITIONS = (
					"DEBUG=1",
					"$(inherited)",
				);
				GCC_WARN_64_TO_32_BIT_CONVERSION = YES;
				GCC_WARN_ABOUT_RETURN_TYPE = YES_ERROR;
				GCC_WARN_UNDECLARED_SELECTOR = YES;
				GCC_WARN_UNINITIALIZED_AUTOS = YES_AGGRESSIVE;
				GCC_WARN_UNUSED_FUNCTION = YES;
				GCC_WARN_UNUSED_VARIABLE = YES;
				IPHONEOS_DEPLOYMENT_TARGET = 9.3;
				MTL_ENABLE_DEBUG_INFO = YES;
				ONLY_ACTIVE_ARCH = YES;
				SDKROOT = iphoneos;
				SWIFT_OPTIMIZATION_LEVEL = "-Onone";
				TARGETED_DEVICE_FAMILY = "1,2";
			};
			name = Debug;
		};
		B860FC661CCB37B50031F79A /* Release */ = {
			isa = XCBuildConfiguration;
			buildSettings = {
				ALWAYS_SEARCH_USER_PATHS = NO;
				CLANG_ANALYZER_NONNULL = YES;
				CLANG_CXX_LANGUAGE_STANDARD = "gnu++0x";
				CLANG_CXX_LIBRARY = "libc++";
				CLANG_ENABLE_MODULES = YES;
				CLANG_ENABLE_OBJC_ARC = YES;
				CLANG_WARN_BOOL_CONVERSION = YES;
				CLANG_WARN_CONSTANT_CONVERSION = YES;
				CLANG_WARN_DIRECT_OBJC_ISA_USAGE = YES_ERROR;
				CLANG_WARN_EMPTY_BODY = YES;
				CLANG_WARN_ENUM_CONVERSION = YES;
				CLANG_WARN_INT_CONVERSION = YES;
				CLANG_WARN_OBJC_ROOT_CLASS = YES_ERROR;
				CLANG_WARN_UNREACHABLE_CODE = YES;
				CLANG_WARN__DUPLICATE_METHOD_MATCH = YES;
				"CODE_SIGN_IDENTITY[sdk=iphoneos*]" = "iPhone Developer";
				COPY_PHASE_STRIP = NO;
				DEBUG_INFORMATION_FORMAT = "dwarf-with-dsym";
				ENABLE_NS_ASSERTIONS = NO;
				ENABLE_STRICT_OBJC_MSGSEND = YES;
				GCC_C_LANGUAGE_STANDARD = gnu99;
				GCC_NO_COMMON_BLOCKS = YES;
				GCC_WARN_64_TO_32_BIT_CONVERSION = YES;
				GCC_WARN_ABOUT_RETURN_TYPE = YES_ERROR;
				GCC_WARN_UNDECLARED_SELECTOR = YES;
				GCC_WARN_UNINITIALIZED_AUTOS = YES_AGGRESSIVE;
				GCC_WARN_UNUSED_FUNCTION = YES;
				GCC_WARN_UNUSED_VARIABLE = YES;
				IPHONEOS_DEPLOYMENT_TARGET = 9.3;
				MTL_ENABLE_DEBUG_INFO = NO;
				SDKROOT = iphoneos;
				TARGETED_DEVICE_FAMILY = "1,2";
				VALIDATE_PRODUCT = YES;
			};
			name = Release;
		};
		B860FC681CCB37B50031F79A /* Debug */ = {
			isa = XCBuildConfiguration;
			buildSettings = {
				ASSETCATALOG_COMPILER_APPICON_NAME = AppIcon;
				INFOPLIST_FILE = Lab1/Info.plist;
				LD_RUNPATH_SEARCH_PATHS = "$(inherited) @executable_path/Frameworks";
				PRODUCT_BUNDLE_IDENTIFIER = ECE158B.Lab2;
				PRODUCT_NAME = "$(TARGET_NAME)";
				TARGETED_DEVICE_FAMILY = 1;
			};
			name = Debug;
		};
		B860FC691CCB37B50031F79A /* Release */ = {
			isa = XCBuildConfiguration;
			buildSettings = {
				ASSETCATALOG_COMPILER_APPICON_NAME = AppIcon;
				INFOPLIST_FILE = Lab1/Info.plist;
				LD_RUNPATH_SEARCH_PATHS = "$(inherited) @executable_path/Frameworks";
				PRODUCT_BUNDLE_IDENTIFIER = ECE158B.Lab2;
				PRODUCT_NAME = "$(TARGET_NAME)";
				TARGETED_DEVICE_FAMILY = 1;
			};
			name = Release;
		};
/* End XCBuildConfiguration section */

/* Begin XCConfigurationList section */
		B860FC501CCB37B50031F79A /* Build configuration list for PBXProject "Lab1" */ = {
			isa = XCConfigurationList;
			buildConfigurations = (
				B860FC651CCB37B50031F79A /* Debug */,
				B860FC661CCB37B50031F79A /* Release */,
			);
			defaultConfigurationIsVisible = 0;
			defaultConfigurationName = Release;
		};
		B860FC671CCB37B50031F79A /* Build configuration list for PBXNativeTarget "Lab2" */ = {
			isa = XCConfigurationList;
			buildConfigurations = (
				B860FC681CCB37B50031F79A /* Debug */,
				B860FC691CCB37B50031F79A /* Release */,
			);
			defaultConfigurationIsVisible = 0;
			defaultConfigurationName = Release;
		};
/* End XCConfigurationList section */
	};
	rootObject = B860FC4D1CCB37B50031F79A /* Project object */;
}
